// !$*UTF8*$!
{
	archiveVersion = 1;
	classes = {
	};
	objectVersion = 50;
	objects = {

/* Begin PBXBuildFile section */
		2C95A48C2451EACE00EC760D /* AppDelegate.swift in Sources */ = {isa = PBXBuildFile; fileRef = 2C95A48B2451EACE00EC760D /* AppDelegate.swift */; };
		2C95A48E2451EACE00EC760D /* SceneDelegate.swift in Sources */ = {isa = PBXBuildFile; fileRef = 2C95A48D2451EACE00EC760D /* SceneDelegate.swift */; };
		2C95A4902451EACE00EC760D /* ViewController.swift in Sources */ = {isa = PBXBuildFile; fileRef = 2C95A48F2451EACE00EC760D /* ViewController.swift */; };
		2C95A4932451EACE00EC760D /* Main.storyboard in Resources */ = {isa = PBXBuildFile; fileRef = 2C95A4912451EACE00EC760D /* Main.storyboard */; };
		2C95A4952451EAD400EC760D /* Assets.xcassets in Resources */ = {isa = PBXBuildFile; fileRef = 2C95A4942451EAD400EC760D /* Assets.xcassets */; };
		2C95A4982451EAD400EC760D /* LaunchScreen.storyboard in Resources */ = {isa = PBXBuildFile; fileRef = 2C95A4962451EAD400EC760D /* LaunchScreen.storyboard */; };
		2C95A4A32451EAD400EC760D /* Store_DataTests.swift in Sources */ = {isa = PBXBuildFile; fileRef = 2C95A4A22451EAD400EC760D /* Store_DataTests.swift */; };
		2C95A4AE2451EAD400EC760D /* Store_DataUITests.swift in Sources */ = {isa = PBXBuildFile; fileRef = 2C95A4AD2451EAD400EC760D /* Store_DataUITests.swift */; };
/* End PBXBuildFile section */

/* Begin PBXContainerItemProxy section */
		2C95A49F2451EAD400EC760D /* PBXContainerItemProxy */ = {
			isa = PBXContainerItemProxy;
			containerPortal = 2C95A4802451EACE00EC760D /* Project object */;
			proxyType = 1;
			remoteGlobalIDString = 2C95A4872451EACE00EC760D;
			remoteInfo = "Store Data";
		};
		2C95A4AA2451EAD400EC760D /* PBXContainerItemProxy */ = {
			isa = PBXContainerItemProxy;
			containerPortal = 2C95A4802451EACE00EC760D /* Project object */;
			proxyType = 1;
			remoteGlobalIDString = 2C95A4872451EACE00EC760D;
			remoteInfo = "Store Data";
		};
/* End PBXContainerItemProxy section */

/* Begin PBXFileReference section */
		2C95A4882451EACE00EC760D /* Store Data.app */ = {isa = PBXFileReference; explicitFileType = wrapper.application; includeInIndex = 0; path = "Store Data.app"; sourceTree = BUILT_PRODUCTS_DIR; };
		2C95A48B2451EACE00EC760D /* AppDelegate.swift */ = {isa = PBXFileReference; lastKnownFileType = sourcecode.swift; path = AppDelegate.swift; sourceTree = "<group>"; };
		2C95A48D2451EACE00EC760D /* SceneDelegate.swift */ = {isa = PBXFileReference; lastKnownFileType = sourcecode.swift; path = SceneDelegate.swift; sourceTree = "<group>"; };
		2C95A48F2451EACE00EC760D /* ViewController.swift */ = {isa = PBXFileReference; lastKnownFileType = sourcecode.swift; path = ViewController.swift; sourceTree = "<group>"; };
		2C95A4922451EACE00EC760D /* Base */ = {isa = PBXFileReference; lastKnownFileType = file.storyboard; name = Base; path = Base.lproj/Main.storyboard; sourceTree = "<group>"; };
		2C95A4942451EAD400EC760D /* Assets.xcassets */ = {isa = PBXFileReference; lastKnownFileType = folder.assetcatalog; path = Assets.xcassets; sourceTree = "<group>"; };
		2C95A4972451EAD400EC760D /* Base */ = {isa = PBXFileReference; lastKnownFileType = file.storyboard; name = Base; path = Base.lproj/LaunchScreen.storyboard; sourceTree = "<group>"; };
		2C95A4992451EAD400EC760D /* Info.plist */ = {isa = PBXFileReference; lastKnownFileType = text.plist.xml; path = Info.plist; sourceTree = "<group>"; };
		2C95A49E2451EAD400EC760D /* Store DataTests.xctest */ = {isa = PBXFileReference; explicitFileType = wrapper.cfbundle; includeInIndex = 0; path = "Store DataTests.xctest"; sourceTree = BUILT_PRODUCTS_DIR; };
		2C95A4A22451EAD400EC760D /* Store_DataTests.swift */ = {isa = PBXFileReference; lastKnownFileType = sourcecode.swift; path = Store_DataTests.swift; sourceTree = "<group>"; };
		2C95A4A42451EAD400EC760D /* Info.plist */ = {isa = PBXFileReference; lastKnownFileType = text.plist.xml; path = Info.plist; sourceTree = "<group>"; };
		2C95A4A92451EAD400EC760D /* Store DataUITests.xctest */ = {isa = PBXFileReference; explicitFileType = wrapper.cfbundle; includeInIndex = 0; path = "Store DataUITests.xctest"; sourceTree = BUILT_PRODUCTS_DIR; };
		2C95A4AD2451EAD400EC760D /* Store_DataUITests.swift */ = {isa = PBXFileReference; lastKnownFileType = sourcecode.swift; path = Store_DataUITests.swift; sourceTree = "<group>"; };
		2C95A4AF2451EAD400EC760D /* Info.plist */ = {isa = PBXFileReference; lastKnownFileType = text.plist.xml; path = Info.plist; sourceTree = "<group>"; };
/* End PBXFileReference section */

/* Begin PBXFrameworksBuildPhase section */
		2C95A4852451EACE00EC760D /* Frameworks */ = {
			isa = PBXFrameworksBuildPhase;
			buildActionMask = 2147483647;
			files = (
			);
			runOnlyForDeploymentPostprocessing = 0;
		};
		2C95A49B2451EAD400EC760D /* Frameworks */ = {
			isa = PBXFrameworksBuildPhase;
			buildActionMask = 2147483647;
			files = (
			);
			runOnlyForDeploymentPostprocessing = 0;
		};
		2C95A4A62451EAD400EC760D /* Frameworks */ = {
			isa = PBXFrameworksBuildPhase;
			buildActionMask = 2147483647;
			files = (
			);
			runOnlyForDeploymentPostprocessing = 0;
		};
/* End PBXFrameworksBuildPhase section */

/* Begin PBXGroup section */
		2C95A47F2451EACE00EC760D = {
			isa = PBXGroup;
			children = (
				2C95A48A2451EACE00EC760D /* Store Data */,
				2C95A4A12451EAD400EC760D /* Store DataTests */,
				2C95A4AC2451EAD400EC760D /* Store DataUITests */,
				2C95A4892451EACE00EC760D /* Products */,
			);
			sourceTree = "<group>";
		};
		2C95A4892451EACE00EC760D /* Products */ = {
			isa = PBXGroup;
			children = (
				2C95A4882451EACE00EC760D /* Store Data.app */,
				2C95A49E2451EAD400EC760D /* Store DataTests.xctest */,
				2C95A4A92451EAD400EC760D /* Store DataUITests.xctest */,
			);
			name = Products;
			sourceTree = "<group>";
		};
		2C95A48A2451EACE00EC760D /* Store Data */ = {
			isa = PBXGroup;
			children = (
				2C95A48B2451EACE00EC760D /* AppDelegate.swift */,
				2C95A48D2451EACE00EC760D /* SceneDelegate.swift */,
				2C95A48F2451EACE00EC760D /* ViewController.swift */,
				2C95A4912451EACE00EC760D /* Main.storyboard */,
				2C95A4942451EAD400EC760D /* Assets.xcassets */,
				2C95A4962451EAD400EC760D /* LaunchScreen.storyboard */,
				2C95A4992451EAD400EC760D /* Info.plist */,
			);
			path = "Store Data";
			sourceTree = "<group>";
		};
		2C95A4A12451EAD400EC760D /* Store DataTests */ = {
			isa = PBXGroup;
			children = (
				2C95A4A22451EAD400EC760D /* Store_DataTests.swift */,
				2C95A4A42451EAD400EC760D /* Info.plist */,
			);
			path = "Store DataTests";
			sourceTree = "<group>";
		};
		2C95A4AC2451EAD400EC760D /* Store DataUITests */ = {
			isa = PBXGroup;
			children = (
				2C95A4AD2451EAD400EC760D /* Store_DataUITests.swift */,
				2C95A4AF2451EAD400EC760D /* Info.plist */,
			);
			path = "Store DataUITests";
			sourceTree = "<group>";
		};
/* End PBXGroup section */

/* Begin PBXNativeTarget section */
		2C95A4872451EACE00EC760D /* Store Data */ = {
			isa = PBXNativeTarget;
			buildConfigurationList = 2C95A4B22451EAD400EC760D /* Build configuration list for PBXNativeTarget "Store Data" */;
			buildPhases = (
				2C95A4842451EACE00EC760D /* Sources */,
				2C95A4852451EACE00EC760D /* Frameworks */,
				2C95A4862451EACE00EC760D /* Resources */,
			);
			buildRules = (
			);
			dependencies = (
			);
			name = "Store Data";
			productName = "Store Data";
			productReference = 2C95A4882451EACE00EC760D /* Store Data.app */;
			productType = "com.apple.product-type.application";
		};
		2C95A49D2451EAD400EC760D /* Store DataTests */ = {
			isa = PBXNativeTarget;
			buildConfigurationList = 2C95A4B52451EAD400EC760D /* Build configuration list for PBXNativeTarget "Store DataTests" */;
			buildPhases = (
				2C95A49A2451EAD400EC760D /* Sources */,
				2C95A49B2451EAD400EC760D /* Frameworks */,
				2C95A49C2451EAD400EC760D /* Resources */,
			);
			buildRules = (
			);
			dependencies = (
				2C95A4A02451EAD400EC760D /* PBXTargetDependency */,
			);
			name = "Store DataTests";
			productName = "Store DataTests";
			productReference = 2C95A49E2451EAD400EC760D /* Store DataTests.xctest */;
			productType = "com.apple.product-type.bundle.unit-test";
		};
		2C95A4A82451EAD400EC760D /* Store DataUITests */ = {
			isa = PBXNativeTarget;
			buildConfigurationList = 2C95A4B82451EAD400EC760D /* Build configuration list for PBXNativeTarget "Store DataUITests" */;
			buildPhases = (
				2C95A4A52451EAD400EC760D /* Sources */,
				2C95A4A62451EAD400EC760D /* Frameworks */,
				2C95A4A72451EAD400EC760D /* Resources */,
			);
			buildRules = (
			);
			dependencies = (
				2C95A4AB2451EAD400EC760D /* PBXTargetDependency */,
			);
			name = "Store DataUITests";
			productName = "Store DataUITests";
			productReference = 2C95A4A92451EAD400EC760D /* Store DataUITests.xctest */;
			productType = "com.apple.product-type.bundle.ui-testing";
		};
/* End PBXNativeTarget section */

/* Begin PBXProject section */
		2C95A4802451EACE00EC760D /* Project object */ = {
			isa = PBXProject;
			attributes = {
				LastSwiftUpdateCheck = 1130;
				LastUpgradeCheck = 1130;
				ORGANIZATIONNAME = "Shannon Mong";
				TargetAttributes = {
					2C95A4872451EACE00EC760D = {
						CreatedOnToolsVersion = 11.3.1;
					};
					2C95A49D2451EAD400EC760D = {
						CreatedOnToolsVersion = 11.3.1;
						TestTargetID = 2C95A4872451EACE00EC760D;
					};
					2C95A4A82451EAD400EC760D = {
						CreatedOnToolsVersion = 11.3.1;
						TestTargetID = 2C95A4872451EACE00EC760D;
					};
				};
			};
			buildConfigurationList = 2C95A4832451EACE00EC760D /* Build configuration list for PBXProject "Store Data" */;
			compatibilityVersion = "Xcode 9.3";
			developmentRegion = en;
			hasScannedForEncodings = 0;
			knownRegions = (
				en,
				Base,
			);
			mainGroup = 2C95A47F2451EACE00EC760D;
			productRefGroup = 2C95A4892451EACE00EC760D /* Products */;
			projectDirPath = "";
			projectRoot = "";
			targets = (
				2C95A4872451EACE00EC760D /* Store Data */,
				2C95A49D2451EAD400EC760D /* Store DataTests */,
				2C95A4A82451EAD400EC760D /* Store DataUITests */,
			);
		};
/* End PBXProject section */

/* Begin PBXResourcesBuildPhase section */
		2C95A4862451EACE00EC760D /* Resources */ = {
			isa = PBXResourcesBuildPhase;
			buildActionMask = 2147483647;
			files = (
				2C95A4982451EAD400EC760D /* LaunchScreen.storyboard in Resources */,
				2C95A4952451EAD400EC760D /* Assets.xcassets in Resources */,
				2C95A4932451EACE00EC760D /* Main.storyboard in Resources */,
			);
			runOnlyForDeploymentPostprocessing = 0;
		};
		2C95A49C2451EAD400EC760D /* Resources */ = {
			isa = PBXResourcesBuildPhase;
			buildActionMask = 2147483647;
			files = (
			);
			runOnlyForDeploymentPostprocessing = 0;
		};
		2C95A4A72451EAD400EC760D /* Resources */ = {
			isa = PBXResourcesBuildPhase;
			buildActionMask = 2147483647;
			files = (
			);
			runOnlyForDeploymentPostprocessing = 0;
		};
/* End PBXResourcesBuildPhase section */

/* Begin PBXSourcesBuildPhase section */
		2C95A4842451EACE00EC760D /* Sources */ = {
			isa = PBXSourcesBuildPhase;
			buildActionMask = 2147483647;
			files = (
				2C95A4902451EACE00EC760D /* ViewController.swift in Sources */,
				2C95A48C2451EACE00EC760D /* AppDelegate.swift in Sources */,
				2C95A48E2451EACE00EC760D /* SceneDelegate.swift in Sources */,
			);
			runOnlyForDeploymentPostprocessing = 0;
		};
		2C95A49A2451EAD400EC760D /* Sources */ = {
			isa = PBXSourcesBuildPhase;
			buildActionMask = 2147483647;
			files = (
				2C95A4A32451EAD400EC760D /* Store_DataTests.swift in Sources */,
			);
			runOnlyForDeploymentPostprocessing = 0;
		};
		2C95A4A52451EAD400EC760D /* Sources */ = {
			isa = PBXSourcesBuildPhase;
			buildActionMask = 2147483647;
			files = (
				2C95A4AE2451EAD400EC760D /* Store_DataUITests.swift in Sources */,
			);
			runOnlyForDeploymentPostprocessing = 0;
		};
/* End PBXSourcesBuildPhase section */

/* Begin PBXTargetDependency section */
		2C95A4A02451EAD400EC760D /* PBXTargetDependency */ = {
			isa = PBXTargetDependency;
			target = 2C95A4872451EACE00EC760D /* Store Data */;
			targetProxy = 2C95A49F2451EAD400EC760D /* PBXContainerItemProxy */;
		};
		2C95A4AB2451EAD400EC760D /* PBXTargetDependency */ = {
			isa = PBXTargetDependency;
			target = 2C95A4872451EACE00EC760D /* Store Data */;
			targetProxy = 2C95A4AA2451EAD400EC760D /* PBXContainerItemProxy */;
		};
/* End PBXTargetDependency section */

/* Begin PBXVariantGroup section */
		2C95A4912451EACE00EC760D /* Main.storyboard */ = {
			isa = PBXVariantGroup;
			children = (
				2C95A4922451EACE00EC760D /* Base */,
			);
			name = Main.storyboard;
			sourceTree = "<group>";
		};
		2C95A4962451EAD400EC760D /* LaunchScreen.storyboard */ = {
			isa = PBXVariantGroup;
			children = (
				2C95A4972451EAD400EC760D /* Base */,
			);
			name = LaunchScreen.storyboard;
			sourceTree = "<group>";
		};
/* End PBXVariantGroup section */

/* Begin XCBuildConfiguration section */
		2C95A4B02451EAD400EC760D /* Debug */ = {
			isa = XCBuildConfiguration;
			buildSettings = {
				ALWAYS_SEARCH_USER_PATHS = NO;
				CLANG_ANALYZER_NONNULL = YES;
				CLANG_ANALYZER_NUMBER_OBJECT_CONVERSION = YES_AGGRESSIVE;
				CLANG_CXX_LANGUAGE_STANDARD = "gnu++14";
				CLANG_CXX_LIBRARY = "libc++";
				CLANG_ENABLE_MODULES = YES;
				CLANG_ENABLE_OBJC_ARC = YES;
				CLANG_ENABLE_OBJC_WEAK = YES;
				CLANG_WARN_BLOCK_CAPTURE_AUTORELEASING = YES;
				CLANG_WARN_BOOL_CONVERSION = YES;
				CLANG_WARN_COMMA = YES;
				CLANG_WARN_CONSTANT_CONVERSION = YES;
				CLANG_WARN_DEPRECATED_OBJC_IMPLEMENTATIONS = YES;
				CLANG_WARN_DIRECT_OBJC_ISA_USAGE = YES_ERROR;
				CLANG_WARN_DOCUMENTATION_COMMENTS = YES;
				CLANG_WARN_EMPTY_BODY = YES;
				CLANG_WARN_ENUM_CONVERSION = YES;
				CLANG_WARN_INFINITE_RECURSION = YES;
				CLANG_WARN_INT_CONVERSION = YES;
				CLANG_WARN_NON_LITERAL_NULL_CONVERSION = YES;
				CLANG_WARN_OBJC_IMPLICIT_RETAIN_SELF = YES;
				CLANG_WARN_OBJC_LITERAL_CONVERSION = YES;
				CLANG_WARN_OBJC_ROOT_CLASS = YES_ERROR;
				CLANG_WARN_RANGE_LOOP_ANALYSIS = YES;
				CLANG_WARN_STRICT_PROTOTYPES = YES;
				CLANG_WARN_SUSPICIOUS_MOVE = YES;
				CLANG_WARN_UNGUARDED_AVAILABILITY = YES_AGGRESSIVE;
				CLANG_WARN_UNREACHABLE_CODE = YES;
				CLANG_WARN__DUPLICATE_METHOD_MATCH = YES;
				COPY_PHASE_STRIP = NO;
				DEBUG_INFORMATION_FORMAT = dwarf;
				ENABLE_STRICT_OBJC_MSGSEND = YES;
				ENABLE_TESTABILITY = YES;
				GCC_C_LANGUAGE_STANDARD = gnu11;
				GCC_DYNAMIC_NO_PIC = NO;
				GCC_NO_COMMON_BLOCKS = YES;
				GCC_OPTIMIZATION_LEVEL = 0;
				GCC_PREPROCESSOR_DEFINITIONS = (
					"DEBUG=1",
					"$(inherited)",
				);
				GCC_WARN_64_TO_32_BIT_CONVERSION = YES;
				GCC_WARN_ABOUT_RETURN_TYPE = YES_ERROR;
				GCC_WARN_UNDECLARED_SELECTOR = YES;
				GCC_WARN_UNINITIALIZED_AUTOS = YES_AGGRESSIVE;
				GCC_WARN_UNUSED_FUNCTION = YES;
				GCC_WARN_UNUSED_VARIABLE = YES;
				IPHONEOS_DEPLOYMENT_TARGET = 13.2;
				MTL_ENABLE_DEBUG_INFO = INCLUDE_SOURCE;
				MTL_FAST_MATH = YES;
				ONLY_ACTIVE_ARCH = YES;
				SDKROOT = iphoneos;
				SWIFT_ACTIVE_COMPILATION_CONDITIONS = DEBUG;
				SWIFT_OPTIMIZATION_LEVEL = "-Onone";
			};
			name = Debug;
		};
		2C95A4B12451EAD400EC760D /* Release */ = {
			isa = XCBuildConfiguration;
			buildSettings = {
				ALWAYS_SEARCH_USER_PATHS = NO;
				CLANG_ANALYZER_NONNULL = YES;
				CLANG_ANALYZER_NUMBER_OBJECT_CONVERSION = YES_AGGRESSIVE;
				CLANG_CXX_LANGUAGE_STANDARD = "gnu++14";
				CLANG_CXX_LIBRARY = "libc++";
				CLANG_ENABLE_MODULES = YES;
				CLANG_ENABLE_OBJC_ARC = YES;
				CLANG_ENABLE_OBJC_WEAK = YES;
				CLANG_WARN_BLOCK_CAPTURE_AUTORELEASING = YES;
				CLANG_WARN_BOOL_CONVERSION = YES;
				CLANG_WARN_COMMA = YES;
				CLANG_WARN_CONSTANT_CONVERSION = YES;
				CLANG_WARN_DEPRECATED_OBJC_IMPLEMENTATIONS = YES;
				CLANG_WARN_DIRECT_OBJC_ISA_USAGE = YES_ERROR;
				CLANG_WARN_DOCUMENTATION_COMMENTS = YES;
				CLANG_WARN_EMPTY_BODY = YES;
				CLANG_WARN_ENUM_CONVERSION = YES;
				CLANG_WARN_INFINITE_RECURSION = YES;
				CLANG_WARN_INT_CONVERSION = YES;
				CLANG_WARN_NON_LITERAL_NULL_CONVERSION = YES;
				CLANG_WARN_OBJC_IMPLICIT_RETAIN_SELF = YES;
				CLANG_WARN_OBJC_LITERAL_CONVERSION = YES;
				CLANG_WARN_OBJC_ROOT_CLASS = YES_ERROR;
				CLANG_WARN_RANGE_LOOP_ANALYSIS = YES;
				CLANG_WARN_STRICT_PROTOTYPES = YES;
				CLANG_WARN_SUSPICIOUS_MOVE = YES;
				CLANG_WARN_UNGUARDED_AVAILABILITY = YES_AGGRESSIVE;
				CLANG_WARN_UNREACHABLE_CODE = YES;
				CLANG_WARN__DUPLICATE_METHOD_MATCH = YES;
				COPY_PHASE_STRIP = NO;
				DEBUG_INFORMATION_FORMAT = "dwarf-with-dsym";
				ENABLE_NS_ASSERTIONS = NO;
				ENABLE_STRICT_OBJC_MSGSEND = YES;
				GCC_C_LANGUAGE_STANDARD = gnu11;
				GCC_NO_COMMON_BLOCKS = YES;
				GCC_WARN_64_TO_32_BIT_CONVERSION = YES;
				GCC_WARN_ABOUT_RETURN_TYPE = YES_ERROR;
				GCC_WARN_UNDECLARED_SELECTOR = YES;
				GCC_WARN_UNINITIALIZED_AUTOS = YES_AGGRESSIVE;
				GCC_WARN_UNUSED_FUNCTION = YES;
				GCC_WARN_UNUSED_VARIABLE = YES;
				IPHONEOS_DEPLOYMENT_TARGET = 13.2;
				MTL_ENABLE_DEBUG_INFO = NO;
				MTL_FAST_MATH = YES;
				SDKROOT = iphoneos;
				SWIFT_COMPILATION_MODE = wholemodule;
				SWIFT_OPTIMIZATION_LEVEL = "-O";
				VALIDATE_PRODUCT = YES;
			};
			name = Release;
		};
		2C95A4B32451EAD400EC760D /* Debug */ = {
			isa = XCBuildConfiguration;
			buildSettings = {
				ASSETCATALOG_COMPILER_APPICON_NAME = AppIcon;
				CODE_SIGN_STYLE = Automatic;
				DEVELOPMENT_TEAM = 3U5V53H285;
				INFOPLIST_FILE = "Store Data/Info.plist";
				LD_RUNPATH_SEARCH_PATHS = (
					"$(inherited)",
					"@executable_path/Frameworks",
				);
				PRODUCT_BUNDLE_IDENTIFIER = "shannonmong.Store-Data";
				PRODUCT_NAME = "$(TARGET_NAME)";
				SWIFT_VERSION = 5.0;
				TARGETED_DEVICE_FAMILY = "1,2";
			};
			name = Debug;
		};
		2C95A4B42451EAD400EC760D /* Release */ = {
			isa = XCBuildConfiguration;
			buildSettings = {
				ASSETCATALOG_COMPILER_APPICON_NAME = AppIcon;
				CODE_SIGN_STYLE = Automatic;
				DEVELOPMENT_TEAM = 3U5V53H285;
				INFOPLIST_FILE = "Store Data/Info.plist";
				LD_RUNPATH_SEARCH_PATHS = (
					"$(inherited)",
					"@executable_path/Frameworks",
				);
				PRODUCT_BUNDLE_IDENTIFIER = "shannonmong.Store-Data";
				PRODUCT_NAME = "$(TARGET_NAME)";
				SWIFT_VERSION = 5.0;
				TARGETED_DEVICE_FAMILY = "1,2";
			};
			name = Release;
		};
		2C95A4B62451EAD400EC760D /* Debug */ = {
			isa = XCBuildConfiguration;
			buildSettings = {
				ALWAYS_EMBED_SWIFT_STANDARD_LIBRARIES = YES;
				BUNDLE_LOADER = "$(TEST_HOST)";
				CODE_SIGN_STYLE = Automatic;
				DEVELOPMENT_TEAM = 3U5V53H285;
				INFOPLIST_FILE = "Store DataTests/Info.plist";
				IPHONEOS_DEPLOYMENT_TARGET = 13.2;
				LD_RUNPATH_SEARCH_PATHS = (
					"$(inherited)",
					"@executable_path/Frameworks",
					"@loader_path/Frameworks",
				);
				PRODUCT_BUNDLE_IDENTIFIER = "shannonmong.Store-DataTests";
				PRODUCT_NAME = "$(TARGET_NAME)";
				SWIFT_VERSION = 5.0;
				TARGETED_DEVICE_FAMILY = "1,2";
				TEST_HOST = "$(BUILT_PRODUCTS_DIR)/Store Data.app/Store Data";
			};
			name = Debug;
		};
		2C95A4B72451EAD400EC760D /* Release */ = {
			isa = XCBuildConfiguration;
			buildSettings = {
				ALWAYS_EMBED_SWIFT_STANDARD_LIBRARIES = YES;
				BUNDLE_LOADER = "$(TEST_HOST)";
				CODE_SIGN_STYLE = Automatic;
				DEVELOPMENT_TEAM = 3U5V53H285;
				INFOPLIST_FILE = "Store DataTests/Info.plist";
				IPHONEOS_DEPLOYMENT_TARGET = 13.2;
				LD_RUNPATH_SEARCH_PATHS = (
					"$(inherited)",
					"@executable_path/Frameworks",
					"@loader_path/Frameworks",
				);
				PRODUCT_BUNDLE_IDENTIFIER = "shannonmong.Store-DataTests";
				PRODUCT_NAME = "$(TARGET_NAME)";
				SWIFT_VERSION = 5.0;
				TARGETED_DEVICE_FAMILY = "1,2";
				TEST_HOST = "$(BUILT_PRODUCTS_DIR)/Store Data.app/Store Data";
			};
			name = Release;
		};
		2C95A4B92451EAD400EC760D /* Debug */ = {
			isa = XCBuildConfiguration;
			buildSettings = {
				ALWAYS_EMBED_SWIFT_STANDARD_LIBRARIES = YES;
				CODE_SIGN_STYLE = Automatic;
				DEVELOPMENT_TEAM = 3U5V53H285;
				INFOPLIST_FILE = "Store DataUITests/Info.plist";
				LD_RUNPATH_SEARCH_PATHS = (
					"$(inherited)",
					"@executable_path/Frameworks",
					"@loader_path/Frameworks",
				);
				PRODUCT_BUNDLE_IDENTIFIER = "shannonmong.Store-DataUITests";
				PRODUCT_NAME = "$(TARGET_NAME)";
				SWIFT_VERSION = 5.0;
				TARGETED_DEVICE_FAMILY = "1,2";
				TEST_TARGET_NAME = "Store Data";
			};
			name = Debug;
		};
		2C95A4BA2451EAD400EC760D /* Release */ = {
			isa = XCBuildConfiguration;
			buildSettings = {
				ALWAYS_EMBED_SWIFT_STANDARD_LIBRARIES = YES;
				CODE_SIGN_STYLE = Automatic;
				DEVELOPMENT_TEAM = 3U5V53H285;
				INFOPLIST_FILE = "Store DataUITests/Info.plist";
				LD_RUNPATH_SEARCH_PATHS = (
					"$(inherited)",
					"@executable_path/Frameworks",
					"@loader_path/Frameworks",
				);
				PRODUCT_BUNDLE_IDENTIFIER = "shannonmong.Store-DataUITests";
				PRODUCT_NAME = "$(TARGET_NAME)";
				SWIFT_VERSION = 5.0;
				TARGETED_DEVICE_FAMILY = "1,2";
				TEST_TARGET_NAME = "Store Data";
			};
			name = Release;
		};
/* End XCBuildConfiguration section */

/* Begin XCConfigurationList section */
		2C95A4832451EACE00EC760D /* Build configuration list for PBXProject "Store Data" */ = {
			isa = XCConfigurationList;
			buildConfigurations = (
				2C95A4B02451EAD400EC760D /* Debug */,
				2C95A4B12451EAD400EC760D /* Release */,
			);
			defaultConfigurationIsVisible = 0;
			defaultConfigurationName = Release;
		};
		2C95A4B22451EAD400EC760D /* Build configuration list for PBXNativeTarget "Store Data" */ = {
			isa = XCConfigurationList;
			buildConfigurations = (
				2C95A4B32451EAD400EC760D /* Debug */,
				2C95A4B42451EAD400EC760D /* Release */,
			);
			defaultConfigurationIsVisible = 0;
			defaultConfigurationName = Release;
		};
		2C95A4B52451EAD400EC760D /* Build configuration list for PBXNativeTarget "Store DataTests" */ = {
			isa = XCConfigurationList;
			buildConfigurations = (
				2C95A4B62451EAD400EC760D /* Debug */,
				2C95A4B72451EAD400EC760D /* Release */,
			);
			defaultConfigurationIsVisible = 0;
			defaultConfigurationName = Release;
		};
		2C95A4B82451EAD400EC760D /* Build configuration list for PBXNativeTarget "Store DataUITests" */ = {
			isa = XCConfigurationList;
			buildConfigurations = (
				2C95A4B92451EAD400EC760D /* Debug */,
				2C95A4BA2451EAD400EC760D /* Release */,
			);
			defaultConfigurationIsVisible = 0;
			defaultConfigurationName = Release;
		};
/* End XCConfigurationList section */
	};
	rootObject = 2C95A4802451EACE00EC760D /* Project object */;
}
